
Microsoft Visual Studio Solution File, Format Version 12.00
# Visual Studio Version 17
VisualStudioVersion = 17.8.34330.188
MinimumVisualStudioVersion = 10.0.40219.1
Project("{FAE04EC0-301F-11D3-BF4B-00C04F79EFBC}") = "Exercice01API", "Exercice01API\Exercice01API.csproj", "{5B469D0A-6B8B-46EC-8C2E-44AFA2A170C7}"
EndProject
Global
	GlobalSection(SolutionConfigurationPlatforms) = preSolution
		Debug|Any CPU = Debug|Any CPU
		Release|Any CPU = Release|Any CPU
	EndGlobalSection
	GlobalSection(ProjectConfigurationPlatforms) = postSolution
		{5B469D0A-6B8B-46EC-8C2E-44AFA2A170C7}.Debug|Any CPU.ActiveCfg = Debug|Any CPU
		{5B469D0A-6B8B-46EC-8C2E-44AFA2A170C7}.Debug|Any CPU.Build.0 = Debug|Any CPU
		{5B469D0A-6B8B-46EC-8C2E-44AFA2A170C7}.Release|Any CPU.ActiveCfg = Release|Any CPU
		{5B469D0A-6B8B-46EC-8C2E-44AFA2A170C7}.Release|Any CPU.Build.0 = Release|Any CPU
	EndGlobalSection
	GlobalSection(SolutionProperties) = preSolution
		HideSolutionNode = FALSE
	EndGlobalSection
	GlobalSection(ExtensibilityGlobals) = postSolution
		SolutionGuid = {837B3A1A-158B-4F8D-9A8D-95F2193D267E}
	EndGlobalSection
EndGlobal
